
Microsoft Visual Studio Solution File, Format Version 12.00
# Visual Studio 15
VisualStudioVersion = 15.0.27428.1
MinimumVisualStudioVersion = 10.0.40219.1
Project("{FAE04EC0-301F-11D3-BF4B-00C04F79EFBC}") = "UltimateStreamMgr", "UltimateStreamMgr\UltimateStreamMgr.csproj", "{6C42FA81-7B28-4189-B116-FA5FB4761C5A}"
EndProject
Project("{FAE04EC0-301F-11D3-BF4B-00C04F79EFBC}") = "UltimateStreamMgr.Test", "UltimateStreamMgr.Test\UltimateStreamMgr.Test.csproj", "{21A53B7E-FB7D-40F2-8681-B646575F357A}"
EndProject
Project("{FAE04EC0-301F-11D3-BF4B-00C04F79EFBC}") = "AvalonMetroAccent", "AvalonAeroAccent\AvalonMetroAccent.csproj", "{BA72CCE0-A9FB-4995-B496-7FEC5C87B85B}"
EndProject
Project("{FAE04EC0-301F-11D3-BF4B-00C04F79EFBC}") = "UltimateStreamMgr.Launcher", "UltimateStreamMgr.Launcher\UltimateStreamMgr.Launcher.csproj", "{7FB199AD-97FA-4173-B290-A290D1815D8E}"
EndProject
Global
	GlobalSection(SolutionConfigurationPlatforms) = preSolution
		Debug|Any CPU = Debug|Any CPU
		Debug|x86 = Debug|x86
		Release|Any CPU = Release|Any CPU
		Release|x86 = Release|x86
	EndGlobalSection
	GlobalSection(ProjectConfigurationPlatforms) = postSolution
		{6C42FA81-7B28-4189-B116-FA5FB4761C5A}.Debug|Any CPU.ActiveCfg = Debug|Any CPU
		{6C42FA81-7B28-4189-B116-FA5FB4761C5A}.Debug|Any CPU.Build.0 = Debug|Any CPU
		{6C42FA81-7B28-4189-B116-FA5FB4761C5A}.Debug|x86.ActiveCfg = Debug|x86
		{6C42FA81-7B28-4189-B116-FA5FB4761C5A}.Debug|x86.Build.0 = Debug|x86
		{6C42FA81-7B28-4189-B116-FA5FB4761C5A}.Release|Any CPU.ActiveCfg = Release|Any CPU
		{6C42FA81-7B28-4189-B116-FA5FB4761C5A}.Release|Any CPU.Build.0 = Release|Any CPU
		{6C42FA81-7B28-4189-B116-FA5FB4761C5A}.Release|x86.ActiveCfg = Release|x86
		{6C42FA81-7B28-4189-B116-FA5FB4761C5A}.Release|x86.Build.0 = Release|x86
		{21A53B7E-FB7D-40F2-8681-B646575F357A}.Debug|Any CPU.ActiveCfg = Debug|Any CPU
		{21A53B7E-FB7D-40F2-8681-B646575F357A}.Debug|Any CPU.Build.0 = Debug|Any CPU
		{21A53B7E-FB7D-40F2-8681-B646575F357A}.Debug|x86.ActiveCfg = Debug|Any CPU
		{21A53B7E-FB7D-40F2-8681-B646575F357A}.Debug|x86.Build.0 = Debug|Any CPU
		{21A53B7E-FB7D-40F2-8681-B646575F357A}.Release|Any CPU.ActiveCfg = Release|Any CPU
		{21A53B7E-FB7D-40F2-8681-B646575F357A}.Release|Any CPU.Build.0 = Release|Any CPU
		{21A53B7E-FB7D-40F2-8681-B646575F357A}.Release|x86.ActiveCfg = Release|Any CPU
		{21A53B7E-FB7D-40F2-8681-B646575F357A}.Release|x86.Build.0 = Release|Any CPU
		{BA72CCE0-A9FB-4995-B496-7FEC5C87B85B}.Debug|Any CPU.ActiveCfg = Debug|Any CPU
		{BA72CCE0-A9FB-4995-B496-7FEC5C87B85B}.Debug|Any CPU.Build.0 = Debug|Any CPU
		{BA72CCE0-A9FB-4995-B496-7FEC5C87B85B}.Debug|x86.ActiveCfg = Debug|Any CPU
		{BA72CCE0-A9FB-4995-B496-7FEC5C87B85B}.Debug|x86.Build.0 = Debug|Any CPU
		{BA72CCE0-A9FB-4995-B496-7FEC5C87B85B}.Release|Any CPU.ActiveCfg = Release|Any CPU
		{BA72CCE0-A9FB-4995-B496-7FEC5C87B85B}.Release|Any CPU.Build.0 = Release|Any CPU
		{BA72CCE0-A9FB-4995-B496-7FEC5C87B85B}.Release|x86.ActiveCfg = Release|Any CPU
		{BA72CCE0-A9FB-4995-B496-7FEC5C87B85B}.Release|x86.Build.0 = Release|Any CPU
		{7FB199AD-97FA-4173-B290-A290D1815D8E}.Debug|Any CPU.ActiveCfg = Debug|Any CPU
		{7FB199AD-97FA-4173-B290-A290D1815D8E}.Debug|Any CPU.Build.0 = Debug|Any CPU
		{7FB199AD-97FA-4173-B290-A290D1815D8E}.Debug|x86.ActiveCfg = Debug|Any CPU
		{7FB199AD-97FA-4173-B290-A290D1815D8E}.Debug|x86.Build.0 = Debug|Any CPU
		{7FB199AD-97FA-4173-B290-A290D1815D8E}.Release|Any CPU.ActiveCfg = Release|Any CPU
		{7FB199AD-97FA-4173-B290-A290D1815D8E}.Release|Any CPU.Build.0 = Release|Any CPU
		{7FB199AD-97FA-4173-B290-A290D1815D8E}.Release|x86.ActiveCfg = Release|Any CPU
		{7FB199AD-97FA-4173-B290-A290D1815D8E}.Release|x86.Build.0 = Release|Any CPU
	EndGlobalSection
	GlobalSection(SolutionProperties) = preSolution
		HideSolutionNode = FALSE
	EndGlobalSection
	GlobalSection(ExtensibilityGlobals) = postSolution
		SolutionGuid = {A94607F4-12A7-41E5-A256-A00BBEB908E0}
	EndGlobalSection
EndGlobal
